
Microsoft Visual Studio Solution File, Format Version 12.00
# Visual Studio Version 17
VisualStudioVersion = 17.3.32922.545
MinimumVisualStudioVersion = 10.0.40219.1
Project("{FAE04EC0-301F-11D3-BF4B-00C04F79EFBC}") = "ZaawansowaneProgramowanieWSB_2", "ZaawansowaneProgramowanieWSB_2.csproj", "{0D2CC1BA-7142-42FF-BE4B-0C20DB48440F}"
EndProject
Global
	GlobalSection(SolutionConfigurationPlatforms) = preSolution
		Debug|Any CPU = Debug|Any CPU
		Release|Any CPU = Release|Any CPU
	EndGlobalSection
	GlobalSection(ProjectConfigurationPlatforms) = postSolution
		{0D2CC1BA-7142-42FF-BE4B-0C20DB48440F}.Debug|Any CPU.ActiveCfg = Debug|Any CPU
		{0D2CC1BA-7142-42FF-BE4B-0C20DB48440F}.Debug|Any CPU.Build.0 = Debug|Any CPU
		{0D2CC1BA-7142-42FF-BE4B-0C20DB48440F}.Release|Any CPU.ActiveCfg = Release|Any CPU
		{0D2CC1BA-7142-42FF-BE4B-0C20DB48440F}.Release|Any CPU.Build.0 = Release|Any CPU
	EndGlobalSection
	GlobalSection(SolutionProperties) = preSolution
		HideSolutionNode = FALSE
	EndGlobalSection
	GlobalSection(ExtensibilityGlobals) = postSolution
		SolutionGuid = {783A5763-49EA-42B4-A829-0E245F650F91}
	EndGlobalSection
EndGlobal
